
Microsoft Visual Studio Solution File, Format Version 12.00
# Visual Studio Version 17
VisualStudioVersion = 17.0.31903.59
MinimumVisualStudioVersion = 10.0.40219.1
Project("{2150E333-8FDC-42A3-9474-1A3956D46DE8}") = "src", "src", "{827E0CD3-B72D-47B6-A68D-7590B98EB39B}"
EndProject
Project("{2150E333-8FDC-42A3-9474-1A3956D46DE8}") = "Accounts", "Accounts", "{A3AC93A5-4512-48EA-6F7F-18FAB7D90316}"
EndProject
Project("{FAE04EC0-301F-11D3-BF4B-00C04F79EFBC}") = "BankCore.Accounts.API", "src\Accounts\BankCore.Accounts.API\BankCore.Accounts.API.csproj", "{F2297A15-697F-4B54-B512-105AE09AB631}"
EndProject
Project("{FAE04EC0-301F-11D3-BF4B-00C04F79EFBC}") = "BankCore.Accounts.Application", "src\Accounts\BankCore.Accounts.Application\BankCore.Accounts.Application.csproj", "{93A78E75-7F62-4347-928D-7BE3AB4A49CF}"
EndProject
Project("{FAE04EC0-301F-11D3-BF4B-00C04F79EFBC}") = "BankCore.Accounts.Domain", "src\Accounts\BankCore.Accounts.Domain\BankCore.Accounts.Domain.csproj", "{F7B1D931-04F3-4620-8CFF-4E6E47BF0FE1}"
EndProject
Project("{FAE04EC0-301F-11D3-BF4B-00C04F79EFBC}") = "BankCore.Accounts.Infrastructure", "src\Accounts\BankCore.Accounts.Infrastructure\BankCore.Accounts.Infrastructure.csproj", "{D44222E4-D501-4518-A82E-C1405FE719B6}"
EndProject
Project("{2150E333-8FDC-42A3-9474-1A3956D46DE8}") = "BuildingBlocks", "BuildingBlocks", "{90298CBA-BD6F-3A0A-69D5-97CAD7B05E7E}"
EndProject
Project("{FAE04EC0-301F-11D3-BF4B-00C04F79EFBC}") = "BankCore.Contracts", "src\BuildingBlocks\BankCore.Contracts\BankCore.Contracts.csproj", "{77414324-8651-4F4B-8611-09F9233D4B9A}"
EndProject
Project("{2150E333-8FDC-42A3-9474-1A3956D46DE8}") = "Gateway", "Gateway", "{6306A8FB-679E-111F-6585-8F70E0EE6013}"
EndProject
Project("{FAE04EC0-301F-11D3-BF4B-00C04F79EFBC}") = "BankCore.Gateway", "src\Gateway\BankCore.Gateway\BankCore.Gateway.csproj", "{350FA05F-14CB-4DC0-95D7-A8A8976B9514}"
EndProject
Project("{2150E333-8FDC-42A3-9474-1A3956D46DE8}") = "Transactions", "Transactions", "{74334237-62F5-3B36-7500-377FD6D34CC6}"
EndProject
Project("{FAE04EC0-301F-11D3-BF4B-00C04F79EFBC}") = "BankCore.Transactions.API", "src\Transactions\BankCore.Transactions.API\BankCore.Transactions.API.csproj", "{C51502E7-85F8-40D2-AEA1-B9632AAD0C15}"
EndProject
Project("{FAE04EC0-301F-11D3-BF4B-00C04F79EFBC}") = "BankCore.Transactions.Application", "src\Transactions\BankCore.Transactions.Application\BankCore.Transactions.Application.csproj", "{ADA358F2-B3B4-421B-9A1B-2AE248DCEE95}"
EndProject
Project("{FAE04EC0-301F-11D3-BF4B-00C04F79EFBC}") = "BankCore.Transactions.Domain", "src\Transactions\BankCore.Transactions.Domain\BankCore.Transactions.Domain.csproj", "{B3B75673-5F49-432A-A1F0-E92FAAA2B044}"
EndProject
Project("{FAE04EC0-301F-11D3-BF4B-00C04F79EFBC}") = "BankCore.Transactions.Infrastructure", "src\Transactions\BankCore.Transactions.Infrastructure\BankCore.Transactions.Infrastructure.csproj", "{759EAB91-EDEF-4E7B-AD12-A0282AA7DF9D}"
EndProject
Project("{2150E333-8FDC-42A3-9474-1A3956D46DE8}") = "tests", "tests", "{0AB3BF05-4346-4AA6-1389-037BE0695223}"
EndProject
Project("{FAE04EC0-301F-11D3-BF4B-00C04F79EFBC}") = "BankCore.Accounts.UnitTests", "tests\BankCore.Accounts.UnitTests\BankCore.Accounts.UnitTests.csproj", "{83102520-AB00-4BC3-AED8-DE35D164F5AF}"
EndProject
Project("{FAE04EC0-301F-11D3-BF4B-00C04F79EFBC}") = "BankCore.Transactions.UnitTests", "tests\BankCore.Transactions.UnitTests\BankCore.Transactions.UnitTests.csproj", "{4768EB08-8A20-4DB8-B652-B950C9D8B399}"
EndProject
Global
	GlobalSection(SolutionConfigurationPlatforms) = preSolution
		Debug|Any CPU = Debug|Any CPU
		Debug|x64 = Debug|x64
		Debug|x86 = Debug|x86
		Release|Any CPU = Release|Any CPU
		Release|x64 = Release|x64
		Release|x86 = Release|x86
	EndGlobalSection
	GlobalSection(ProjectConfigurationPlatforms) = postSolution
		{F2297A15-697F-4B54-B512-105AE09AB631}.Debug|Any CPU.ActiveCfg = Debug|Any CPU
		{F2297A15-697F-4B54-B512-105AE09AB631}.Debug|Any CPU.Build.0 = Debug|Any CPU
		{F2297A15-697F-4B54-B512-105AE09AB631}.Debug|x64.ActiveCfg = Debug|Any CPU
		{F2297A15-697F-4B54-B512-105AE09AB631}.Debug|x64.Build.0 = Debug|Any CPU
		{F2297A15-697F-4B54-B512-105AE09AB631}.Debug|x86.ActiveCfg = Debug|Any CPU
		{F2297A15-697F-4B54-B512-105AE09AB631}.Debug|x86.Build.0 = Debug|Any CPU
		{F2297A15-697F-4B54-B512-105AE09AB631}.Release|Any CPU.ActiveCfg = Release|Any CPU
		{F2297A15-697F-4B54-B512-105AE09AB631}.Release|Any CPU.Build.0 = Release|Any CPU
		{F2297A15-697F-4B54-B512-105AE09AB631}.Release|x64.ActiveCfg = Release|Any CPU
		{F2297A15-697F-4B54-B512-105AE09AB631}.Release|x64.Build.0 = Release|Any CPU
		{F2297A15-697F-4B54-B512-105AE09AB631}.Release|x86.ActiveCfg = Release|Any CPU
		{F2297A15-697F-4B54-B512-105AE09AB631}.Release|x86.Build.0 = Release|Any CPU
		{93A78E75-7F62-4347-928D-7BE3AB4A49CF}.Debug|Any CPU.ActiveCfg = Debug|Any CPU
		{93A78E75-7F62-4347-928D-7BE3AB4A49CF}.Debug|Any CPU.Build.0 = Debug|Any CPU
		{93A78E75-7F62-4347-928D-7BE3AB4A49CF}.Debug|x64.ActiveCfg = Debug|Any CPU
		{93A78E75-7F62-4347-928D-7BE3AB4A49CF}.Debug|x64.Build.0 = Debug|Any CPU
		{93A78E75-7F62-4347-928D-7BE3AB4A49CF}.Debug|x86.ActiveCfg = Debug|Any CPU
		{93A78E75-7F62-4347-928D-7BE3AB4A49CF}.Debug|x86.Build.0 = Debug|Any CPU
		{93A78E75-7F62-4347-928D-7BE3AB4A49CF}.Release|Any CPU.ActiveCfg = Release|Any CPU
		{93A78E75-7F62-4347-928D-7BE3AB4A49CF}.Release|Any CPU.Build.0 = Release|Any CPU
		{93A78E75-7F62-4347-928D-7BE3AB4A49CF}.Release|x64.ActiveCfg = Release|Any CPU
		{93A78E75-7F62-4347-928D-7BE3AB4A49CF}.Release|x64.Build.0 = Release|Any CPU
		{93A78E75-7F62-4347-928D-7BE3AB4A49CF}.Release|x86.ActiveCfg = Release|Any CPU
		{93A78E75-7F62-4347-928D-7BE3AB4A49CF}.Release|x86.Build.0 = Release|Any CPU
		{F7B1D931-04F3-4620-8CFF-4E6E47BF0FE1}.Debug|Any CPU.ActiveCfg = Debug|Any CPU
		{F7B1D931-04F3-4620-8CFF-4E6E47BF0FE1}.Debug|Any CPU.Build.0 = Debug|Any CPU
		{F7B1D931-04F3-4620-8CFF-4E6E47BF0FE1}.Debug|x64.ActiveCfg = Debug|Any CPU
		{F7B1D931-04F3-4620-8CFF-4E6E47BF0FE1}.Debug|x64.Build.0 = Debug|Any CPU
		{F7B1D931-04F3-4620-8CFF-4E6E47BF0FE1}.Debug|x86.ActiveCfg = Debug|Any CPU
		{F7B1D931-04F3-4620-8CFF-4E6E47BF0FE1}.Debug|x86.Build.0 = Debug|Any CPU
		{F7B1D931-04F3-4620-8CFF-4E6E47BF0FE1}.Release|Any CPU.ActiveCfg = Release|Any CPU
		{F7B1D931-04F3-4620-8CFF-4E6E47BF0FE1}.Release|Any CPU.Build.0 = Release|Any CPU
		{F7B1D931-04F3-4620-8CFF-4E6E47BF0FE1}.Release|x64.ActiveCfg = Release|Any CPU
		{F7B1D931-04F3-4620-8CFF-4E6E47BF0FE1}.Release|x64.Build.0 = Release|Any CPU
		{F7B1D931-04F3-4620-8CFF-4E6E47BF0FE1}.Release|x86.ActiveCfg = Release|Any CPU
		{F7B1D931-04F3-4620-8CFF-4E6E47BF0FE1}.Release|x86.Build.0 = Release|Any CPU
		{D44222E4-D501-4518-A82E-C1405FE719B6}.Debug|Any CPU.ActiveCfg = Debug|Any CPU
		{D44222E4-D501-4518-A82E-C1405FE719B6}.Debug|Any CPU.Build.0 = Debug|Any CPU
		{D44222E4-D501-4518-A82E-C1405FE719B6}.Debug|x64.ActiveCfg = Debug|Any CPU
		{D44222E4-D501-4518-A82E-C1405FE719B6}.Debug|x64.Build.0 = Debug|Any CPU
		{D44222E4-D501-4518-A82E-C1405FE719B6}.Debug|x86.ActiveCfg = Debug|Any CPU
		{D44222E4-D501-4518-A82E-C1405FE719B6}.Debug|x86.Build.0 = Debug|Any CPU
		{D44222E4-D501-4518-A82E-C1405FE719B6}.Release|Any CPU.ActiveCfg = Release|Any CPU
		{D44222E4-D501-4518-A82E-C1405FE719B6}.Release|Any CPU.Build.0 = Release|Any CPU
		{D44222E4-D501-4518-A82E-C1405FE719B6}.Release|x64.ActiveCfg = Release|Any CPU
		{D44222E4-D501-4518-A82E-C1405FE719B6}.Release|x64.Build.0 = Release|Any CPU
		{D44222E4-D501-4518-A82E-C1405FE719B6}.Release|x86.ActiveCfg = Release|Any CPU
		{D44222E4-D501-4518-A82E-C1405FE719B6}.Release|x86.Build.0 = Release|Any CPU
		{77414324-8651-4F4B-8611-09F9233D4B9A}.Debug|Any CPU.ActiveCfg = Debug|Any CPU
		{77414324-8651-4F4B-8611-09F9233D4B9A}.Debug|Any CPU.Build.0 = Debug|Any CPU
		{77414324-8651-4F4B-8611-09F9233D4B9A}.Debug|x64.ActiveCfg = Debug|Any CPU
		{77414324-8651-4F4B-8611-09F9233D4B9A}.Debug|x64.Build.0 = Debug|Any CPU
		{77414324-8651-4F4B-8611-09F9233D4B9A}.Debug|x86.ActiveCfg = Debug|Any CPU
		{77414324-8651-4F4B-8611-09F9233D4B9A}.Debug|x86.Build.0 = Debug|Any CPU
		{77414324-8651-4F4B-8611-09F9233D4B9A}.Release|Any CPU.ActiveCfg = Release|Any CPU
		{77414324-8651-4F4B-8611-09F9233D4B9A}.Release|Any CPU.Build.0 = Release|Any CPU
		{77414324-8651-4F4B-8611-09F9233D4B9A}.Release|x64.ActiveCfg = Release|Any CPU
		{77414324-8651-4F4B-8611-09F9233D4B9A}.Release|x64.Build.0 = Release|Any CPU
		{77414324-8651-4F4B-8611-09F9233D4B9A}.Release|x86.ActiveCfg = Release|Any CPU
		{77414324-8651-4F4B-8611-09F9233D4B9A}.Release|x86.Build.0 = Release|Any CPU
		{350FA05F-14CB-4DC0-95D7-A8A8976B9514}.Debug|Any CPU.ActiveCfg = Debug|Any CPU
		{350FA05F-14CB-4DC0-95D7-A8A8976B9514}.Debug|Any CPU.Build.0 = Debug|Any CPU
		{350FA05F-14CB-4DC0-95D7-A8A8976B9514}.Debug|x64.ActiveCfg = Debug|Any CPU
		{350FA05F-14CB-4DC0-95D7-A8A8976B9514}.Debug|x64.Build.0 = Debug|Any CPU
		{350FA05F-14CB-4DC0-95D7-A8A8976B9514}.Debug|x86.ActiveCfg = Debug|Any CPU
		{350FA05F-14CB-4DC0-95D7-A8A8976B9514}.Debug|x86.Build.0 = Debug|Any CPU
		{350FA05F-14CB-4DC0-95D7-A8A8976B9514}.Release|Any CPU.ActiveCfg = Release|Any CPU
		{350FA05F-14CB-4DC0-95D7-A8A8976B9514}.Release|Any CPU.Build.0 = Release|Any CPU
		{350FA05F-14CB-4DC0-95D7-A8A8976B9514}.Release|x64.ActiveCfg = Release|Any CPU
		{350FA05F-14CB-4DC0-95D7-A8A8976B9514}.Release|x64.Build.0 = Release|Any CPU
		{350FA05F-14CB-4DC0-95D7-A8A8976B9514}.Release|x86.ActiveCfg = Release|Any CPU
		{350FA05F-14CB-4DC0-95D7-A8A8976B9514}.Release|x86.Build.0 = Release|Any CPU
		{C51502E7-85F8-40D2-AEA1-B9632AAD0C15}.Debug|Any CPU.ActiveCfg = Debug|Any CPU
		{C51502E7-85F8-40D2-AEA1-B9632AAD0C15}.Debug|Any CPU.Build.0 = Debug|Any CPU
		{C51502E7-85F8-40D2-AEA1-B9632AAD0C15}.Debug|x64.ActiveCfg = Debug|Any CPU
		{C51502E7-85F8-40D2-AEA1-B9632AAD0C15}.Debug|x64.Build.0 = Debug|Any CPU
		{C51502E7-85F8-40D2-AEA1-B9632AAD0C15}.Debug|x86.ActiveCfg = Debug|Any CPU
		{C51502E7-85F8-40D2-AEA1-B9632AAD0C15}.Debug|x86.Build.0 = Debug|Any CPU
		{C51502E7-85F8-40D2-AEA1-B9632AAD0C15}.Release|Any CPU.ActiveCfg = Release|Any CPU
		{C51502E7-85F8-40D2-AEA1-B9632AAD0C15}.Release|Any CPU.Build.0 = Release|Any CPU
		{C51502E7-85F8-40D2-AEA1-B9632AAD0C15}.Release|x64.ActiveCfg = Release|Any CPU
		{C51502E7-85F8-40D2-AEA1-B9632AAD0C15}.Release|x64.Build.0 = Release|Any CPU
		{C51502E7-85F8-40D2-AEA1-B9632AAD0C15}.Release|x86.ActiveCfg = Release|Any CPU
		{C51502E7-85F8-40D2-AEA1-B9632AAD0C15}.Release|x86.Build.0 = Release|Any CPU
		{ADA358F2-B3B4-421B-9A1B-2AE248DCEE95}.Debug|Any CPU.ActiveCfg = Debug|Any CPU
		{ADA358F2-B3B4-421B-9A1B-2AE248DCEE95}.Debug|Any CPU.Build.0 = Debug|Any CPU
		{ADA358F2-B3B4-421B-9A1B-2AE248DCEE95}.Debug|x64.ActiveCfg = Debug|Any CPU
		{ADA358F2-B3B4-421B-9A1B-2AE248DCEE95}.Debug|x64.Build.0 = Debug|Any CPU
		{ADA358F2-B3B4-421B-9A1B-2AE248DCEE95}.Debug|x86.ActiveCfg = Debug|Any CPU
		{ADA358F2-B3B4-421B-9A1B-2AE248DCEE95}.Debug|x86.Build.0 = Debug|Any CPU
		{ADA358F2-B3B4-421B-9A1B-2AE248DCEE95}.Release|Any CPU.ActiveCfg = Release|Any CPU
		{ADA358F2-B3B4-421B-9A1B-2AE248DCEE95}.Release|Any CPU.Build.0 = Release|Any CPU
		{ADA358F2-B3B4-421B-9A1B-2AE248DCEE95}.Release|x64.ActiveCfg = Release|Any CPU
		{ADA358F2-B3B4-421B-9A1B-2AE248DCEE95}.Release|x64.Build.0 = Release|Any CPU
		{ADA358F2-B3B4-421B-9A1B-2AE248DCEE95}.Release|x86.ActiveCfg = Release|Any CPU
		{ADA358F2-B3B4-421B-9A1B-2AE248DCEE95}.Release|x86.Build.0 = Release|Any CPU
		{B3B75673-5F49-432A-A1F0-E92FAAA2B044}.Debug|Any CPU.ActiveCfg = Debug|Any CPU
		{B3B75673-5F49-432A-A1F0-E92FAAA2B044}.Debug|Any CPU.Build.0 = Debug|Any CPU
		{B3B75673-5F49-432A-A1F0-E92FAAA2B044}.Debug|x64.ActiveCfg = Debug|Any CPU
		{B3B75673-5F49-432A-A1F0-E92FAAA2B044}.Debug|x64.Build.0 = Debug|Any CPU
		{B3B75673-5F49-432A-A1F0-E92FAAA2B044}.Debug|x86.ActiveCfg = Debug|Any CPU
		{B3B75673-5F49-432A-A1F0-E92FAAA2B044}.Debug|x86.Build.0 = Debug|Any CPU
		{B3B75673-5F49-432A-A1F0-E92FAAA2B044}.Release|Any CPU.ActiveCfg = Release|Any CPU
		{B3B75673-5F49-432A-A1F0-E92FAAA2B044}.Release|Any CPU.Build.0 = Release|Any CPU
		{B3B75673-5F49-432A-A1F0-E92FAAA2B044}.Release|x64.ActiveCfg = Release|Any CPU
		{B3B75673-5F49-432A-A1F0-E92FAAA2B044}.Release|x64.Build.0 = Release|Any CPU
		{B3B75673-5F49-432A-A1F0-E92FAAA2B044}.Release|x86.ActiveCfg = Release|Any CPU
		{B3B75673-5F49-432A-A1F0-E92FAAA2B044}.Release|x86.Build.0 = Release|Any CPU
		{759EAB91-EDEF-4E7B-AD12-A0282AA7DF9D}.Debug|Any CPU.ActiveCfg = Debug|Any CPU
		{759EAB91-EDEF-4E7B-AD12-A0282AA7DF9D}.Debug|Any CPU.Build.0 = Debug|Any CPU
		{759EAB91-EDEF-4E7B-AD12-A0282AA7DF9D}.Debug|x64.ActiveCfg = Debug|Any CPU
		{759EAB91-EDEF-4E7B-AD12-A0282AA7DF9D}.Debug|x64.Build.0 = Debug|Any CPU
		{759EAB91-EDEF-4E7B-AD12-A0282AA7DF9D}.Debug|x86.ActiveCfg = Debug|Any CPU
		{759EAB91-EDEF-4E7B-AD12-A0282AA7DF9D}.Debug|x86.Build.0 = Debug|Any CPU
		{759EAB91-EDEF-4E7B-AD12-A0282AA7DF9D}.Release|Any CPU.ActiveCfg = Release|Any CPU
		{759EAB91-EDEF-4E7B-AD12-A0282AA7DF9D}.Release|Any CPU.Build.0 = Release|Any CPU
		{759EAB91-EDEF-4E7B-AD12-A0282AA7DF9D}.Release|x64.ActiveCfg = Release|Any CPU
		{759EAB91-EDEF-4E7B-AD12-A0282AA7DF9D}.Release|x64.Build.0 = Release|Any CPU
		{759EAB91-EDEF-4E7B-AD12-A0282AA7DF9D}.Release|x86.ActiveCfg = Release|Any CPU
		{759EAB91-EDEF-4E7B-AD12-A0282AA7DF9D}.Release|x86.Build.0 = Release|Any CPU
		{83102520-AB00-4BC3-AED8-DE35D164F5AF}.Debug|Any CPU.ActiveCfg = Debug|Any CPU
		{83102520-AB00-4BC3-AED8-DE35D164F5AF}.Debug|Any CPU.Build.0 = Debug|Any CPU
		{83102520-AB00-4BC3-AED8-DE35D164F5AF}.Debug|x64.ActiveCfg = Debug|Any CPU
		{83102520-AB00-4BC3-AED8-DE35D164F5AF}.Debug|x64.Build.0 = Debug|Any CPU
		{83102520-AB00-4BC3-AED8-DE35D164F5AF}.Debug|x86.ActiveCfg = Debug|Any CPU
		{83102520-AB00-4BC3-AED8-DE35D164F5AF}.Debug|x86.Build.0 = Debug|Any CPU
		{83102520-AB00-4BC3-AED8-DE35D164F5AF}.Release|Any CPU.ActiveCfg = Release|Any CPU
		{83102520-AB00-4BC3-AED8-DE35D164F5AF}.Release|Any CPU.Build.0 = Release|Any CPU
		{83102520-AB00-4BC3-AED8-DE35D164F5AF}.Release|x64.ActiveCfg = Release|Any CPU
		{83102520-AB00-4BC3-AED8-DE35D164F5AF}.Release|x64.Build.0 = Release|Any CPU
		{83102520-AB00-4BC3-AED8-DE35D164F5AF}.Release|x86.ActiveCfg = Release|Any CPU
		{83102520-AB00-4BC3-AED8-DE35D164F5AF}.Release|x86.Build.0 = Release|Any CPU
		{4768EB08-8A20-4DB8-B652-B950C9D8B399}.Debug|Any CPU.ActiveCfg = Debug|Any CPU
		{4768EB08-8A20-4DB8-B652-B950C9D8B399}.Debug|Any CPU.Build.0 = Debug|Any CPU
		{4768EB08-8A20-4DB8-B652-B950C9D8B399}.Debug|x64.ActiveCfg = Debug|Any CPU
		{4768EB08-8A20-4DB8-B652-B950C9D8B399}.Debug|x64.Build.0 = Debug|Any CPU
		{4768EB08-8A20-4DB8-B652-B950C9D8B399}.Debug|x86.ActiveCfg = Debug|Any CPU
		{4768EB08-8A20-4DB8-B652-B950C9D8B399}.Debug|x86.Build.0 = Debug|Any CPU
		{4768EB08-8A20-4DB8-B652-B950C9D8B399}.Release|Any CPU.ActiveCfg = Release|Any CPU
		{4768EB08-8A20-4DB8-B652-B950C9D8B399}.Release|Any CPU.Build.0 = Release|Any CPU
		{4768EB08-8A20-4DB8-B652-B950C9D8B399}.Release|x64.ActiveCfg = Release|Any CPU
		{4768EB08-8A20-4DB8-B652-B950C9D8B399}.Release|x64.Build.0 = Release|Any CPU
		{4768EB08-8A20-4DB8-B652-B950C9D8B399}.Release|x86.ActiveCfg = Release|Any CPU
		{4768EB08-8A20-4DB8-B652-B950C9D8B399}.Release|x86.Build.0 = Release|Any CPU
	EndGlobalSection
	GlobalSection(SolutionProperties) = preSolution
		HideSolutionNode = FALSE
	EndGlobalSection
	GlobalSection(NestedProjects) = preSolution
		{A3AC93A5-4512-48EA-6F7F-18FAB7D90316} = {827E0CD3-B72D-47B6-A68D-7590B98EB39B}
		{F2297A15-697F-4B54-B512-105AE09AB631} = {A3AC93A5-4512-48EA-6F7F-18FAB7D90316}
		{93A78E75-7F62-4347-928D-7BE3AB4A49CF} = {A3AC93A5-4512-48EA-6F7F-18FAB7D90316}
		{F7B1D931-04F3-4620-8CFF-4E6E47BF0FE1} = {A3AC93A5-4512-48EA-6F7F-18FAB7D90316}
		{D44222E4-D501-4518-A82E-C1405FE719B6} = {A3AC93A5-4512-48EA-6F7F-18FAB7D90316}
		{90298CBA-BD6F-3A0A-69D5-97CAD7B05E7E} = {827E0CD3-B72D-47B6-A68D-7590B98EB39B}
		{77414324-8651-4F4B-8611-09F9233D4B9A} = {90298CBA-BD6F-3A0A-69D5-97CAD7B05E7E}
		{6306A8FB-679E-111F-6585-8F70E0EE6013} = {827E0CD3-B72D-47B6-A68D-7590B98EB39B}
		{350FA05F-14CB-4DC0-95D7-A8A8976B9514} = {6306A8FB-679E-111F-6585-8F70E0EE6013}
		{74334237-62F5-3B36-7500-377FD6D34CC6} = {827E0CD3-B72D-47B6-A68D-7590B98EB39B}
		{C51502E7-85F8-40D2-AEA1-B9632AAD0C15} = {74334237-62F5-3B36-7500-377FD6D34CC6}
		{ADA358F2-B3B4-421B-9A1B-2AE248DCEE95} = {74334237-62F5-3B36-7500-377FD6D34CC6}
		{B3B75673-5F49-432A-A1F0-E92FAAA2B044} = {74334237-62F5-3B36-7500-377FD6D34CC6}
		{759EAB91-EDEF-4E7B-AD12-A0282AA7DF9D} = {74334237-62F5-3B36-7500-377FD6D34CC6}
		{83102520-AB00-4BC3-AED8-DE35D164F5AF} = {0AB3BF05-4346-4AA6-1389-037BE0695223}
		{4768EB08-8A20-4DB8-B652-B950C9D8B399} = {0AB3BF05-4346-4AA6-1389-037BE0695223}
	EndGlobalSection
EndGlobal
